// !$*UTF8*$!
{
	archiveVersion = 1;
	classes = {
	};
	objectVersion = 55;
	objects = {

/* Begin PBXBuildFile section */
		921C17F6289ABCF10047067F /* TaskBootcamp.swift in Sources */ = {isa = PBXBuildFile; fileRef = 921C17F5289ABCF10047067F /* TaskBootcamp.swift */; };
		9254932B27837FF700634846 /* TutorialContentView.swift in Sources */ = {isa = PBXBuildFile; fileRef = 9254932A27837FF700634846 /* TutorialContentView.swift */; };
		9254932D2783994500634846 /* PreferenceProtocol.swift in Sources */ = {isa = PBXBuildFile; fileRef = 9254932C2783994500634846 /* PreferenceProtocol.swift */; };
		925DF85D29B744670003A2B3 /* UIKit+Preview.swift in Sources */ = {isa = PBXBuildFile; fileRef = 925DF85C29B744670003A2B3 /* UIKit+Preview.swift */; };
		925DF85F29B745750003A2B3 /* UIKit+Layout.swift in Sources */ = {isa = PBXBuildFile; fileRef = 925DF85E29B745750003A2B3 /* UIKit+Layout.swift */; };
		92A6F36C286E2922004F5C73 /* AsyncAwaitBootcamp.swift in Sources */ = {isa = PBXBuildFile; fileRef = 92A6F36B286E2922004F5C73 /* AsyncAwaitBootcamp.swift */; };
		92B640D329217B4100D5A67D /* AsyncLetBootcamp.swift in Sources */ = {isa = PBXBuildFile; fileRef = 92B640D229217B4100D5A67D /* AsyncLetBootcamp.swift */; };
		92B8090B27A9D361003EAFEC /* FloatingTextField.swift in Sources */ = {isa = PBXBuildFile; fileRef = 92B8090A27A9D361003EAFEC /* FloatingTextField.swift */; };
		92B8090E27A9D436003EAFEC /* ValidationState.swift in Sources */ = {isa = PBXBuildFile; fileRef = 92B8090D27A9D436003EAFEC /* ValidationState.swift */; };
		92B8091127A9E816003EAFEC /* Shake.swift in Sources */ = {isa = PBXBuildFile; fileRef = 92B8091027A9E816003EAFEC /* Shake.swift */; };
		92C2A1DF278616B7007B451C /* TutorialView.swift in Sources */ = {isa = PBXBuildFile; fileRef = 92C2A1DE278616B7007B451C /* TutorialView.swift */; };
		92C2A1E1278616EA007B451C /* TutorialCore.swift in Sources */ = {isa = PBXBuildFile; fileRef = 92C2A1E0278616EA007B451C /* TutorialCore.swift */; };
		92C2A1E327861767007B451C /* TutorialViewModel.swift in Sources */ = {isa = PBXBuildFile; fileRef = 92C2A1E227861767007B451C /* TutorialViewModel.swift */; };
		92E1808F27AFC71B002A08A8 /* ClosarEditProfile.swift in Sources */ = {isa = PBXBuildFile; fileRef = 92E1808E27AFC71B002A08A8 /* ClosarEditProfile.swift */; };
		A516DF58277EEFF4005DC5F9 /* SwiftUILibraryApp.swift in Sources */ = {isa = PBXBuildFile; fileRef = A516DF57277EEFF4005DC5F9 /* SwiftUILibraryApp.swift */; };
		A516DF5C277EEFF7005DC5F9 /* Assets.xcassets in Resources */ = {isa = PBXBuildFile; fileRef = A516DF5B277EEFF7005DC5F9 /* Assets.xcassets */; };
		A516DF5F277EEFF7005DC5F9 /* Preview Assets.xcassets in Resources */ = {isa = PBXBuildFile; fileRef = A516DF5E277EEFF7005DC5F9 /* Preview Assets.xcassets */; };
		A516DF69277EF01B005DC5F9 /* DotAnimation.swift in Sources */ = {isa = PBXBuildFile; fileRef = A516DF65277EF01B005DC5F9 /* DotAnimation.swift */; };
		A516DF6A277EF01B005DC5F9 /* BackgroundBootcamp.swift in Sources */ = {isa = PBXBuildFile; fileRef = A516DF66277EF01B005DC5F9 /* BackgroundBootcamp.swift */; };
		A516DF6B277EF01B005DC5F9 /* MaskViewBootcamp.swift in Sources */ = {isa = PBXBuildFile; fileRef = A516DF67277EF01B005DC5F9 /* MaskViewBootcamp.swift */; };
		A516DF6E277EF215005DC5F9 /* MatchedGeometryEffectBootcamp.swift in Sources */ = {isa = PBXBuildFile; fileRef = A516DF6D277EF215005DC5F9 /* MatchedGeometryEffectBootcamp.swift */; };
		A516DF71277F0BB6005DC5F9 /* ButtonStyleBootcamp.swift in Sources */ = {isa = PBXBuildFile; fileRef = A516DF70277F0BB6005DC5F9 /* ButtonStyleBootcamp.swift */; };
		A5192B4627A1DF4F008E7CB7 /* ValidatorPrepView.swift in Sources */ = {isa = PBXBuildFile; fileRef = A5192B4527A1DF4F008E7CB7 /* ValidatorPrepView.swift */; };
		A543ED8C27A08A810043C51E /* Validator.swift in Sources */ = {isa = PBXBuildFile; fileRef = A543ED8B27A08A810043C51E /* Validator.swift */; };
		A58401C727819C5000B84CD2 /* GeometryPreferenceKey.swift in Sources */ = {isa = PBXBuildFile; fileRef = A58401C627819C5000B84CD2 /* GeometryPreferenceKey.swift */; };
		A58401CA2781A9F000B84CD2 /* View+Extension.swift in Sources */ = {isa = PBXBuildFile; fileRef = A58401C92781A9F000B84CD2 /* View+Extension.swift */; };
		A58401CC2781AFBA00B84CD2 /* AnchorPreference.swift in Sources */ = {isa = PBXBuildFile; fileRef = A58401CB2781AFBA00B84CD2 /* AnchorPreference.swift */; };
		A58401CE2781C23900B84CD2 /* AdvanceGrid.swift in Sources */ = {isa = PBXBuildFile; fileRef = A58401CD2781C23900B84CD2 /* AdvanceGrid.swift */; };
		A58401D02781D2F300B84CD2 /* test.swift in Sources */ = {isa = PBXBuildFile; fileRef = A58401CF2781D2F300B84CD2 /* test.swift */; };
/* End PBXBuildFile section */

/* Begin PBXFileReference section */
		921C17F5289ABCF10047067F /* TaskBootcamp.swift */ = {isa = PBXFileReference; lastKnownFileType = sourcecode.swift; path = TaskBootcamp.swift; sourceTree = "<group>"; };
		925493282783727E00634846 /* PreferenceDocumentation.md */ = {isa = PBXFileReference; lastKnownFileType = net.daringfireball.markdown; path = PreferenceDocumentation.md; sourceTree = "<group>"; };
		9254932A27837FF700634846 /* TutorialContentView.swift */ = {isa = PBXFileReference; lastKnownFileType = sourcecode.swift; path = TutorialContentView.swift; sourceTree = "<group>"; };
		9254932C2783994500634846 /* PreferenceProtocol.swift */ = {isa = PBXFileReference; lastKnownFileType = sourcecode.swift; path = PreferenceProtocol.swift; sourceTree = "<group>"; };
		925DF85C29B744670003A2B3 /* UIKit+Preview.swift */ = {isa = PBXFileReference; lastKnownFileType = sourcecode.swift; path = "UIKit+Preview.swift"; sourceTree = "<group>"; };
		925DF85E29B745750003A2B3 /* UIKit+Layout.swift */ = {isa = PBXFileReference; lastKnownFileType = sourcecode.swift; path = "UIKit+Layout.swift"; sourceTree = "<group>"; };
		92A6F36B286E2922004F5C73 /* AsyncAwaitBootcamp.swift */ = {isa = PBXFileReference; lastKnownFileType = sourcecode.swift; path = AsyncAwaitBootcamp.swift; sourceTree = "<group>"; };
		92B640D229217B4100D5A67D /* AsyncLetBootcamp.swift */ = {isa = PBXFileReference; lastKnownFileType = sourcecode.swift; path = AsyncLetBootcamp.swift; sourceTree = "<group>"; };
		92B8090A27A9D361003EAFEC /* FloatingTextField.swift */ = {isa = PBXFileReference; lastKnownFileType = sourcecode.swift; path = FloatingTextField.swift; sourceTree = "<group>"; };
		92B8090D27A9D436003EAFEC /* ValidationState.swift */ = {isa = PBXFileReference; lastKnownFileType = sourcecode.swift; path = ValidationState.swift; sourceTree = "<group>"; };
		92B8091027A9E816003EAFEC /* Shake.swift */ = {isa = PBXFileReference; lastKnownFileType = sourcecode.swift; path = Shake.swift; sourceTree = "<group>"; };
		92C2A1DE278616B7007B451C /* TutorialView.swift */ = {isa = PBXFileReference; lastKnownFileType = sourcecode.swift; path = TutorialView.swift; sourceTree = "<group>"; };
		92C2A1E0278616EA007B451C /* TutorialCore.swift */ = {isa = PBXFileReference; lastKnownFileType = sourcecode.swift; path = TutorialCore.swift; sourceTree = "<group>"; };
		92C2A1E227861767007B451C /* TutorialViewModel.swift */ = {isa = PBXFileReference; lastKnownFileType = sourcecode.swift; path = TutorialViewModel.swift; sourceTree = "<group>"; };
		92E1808E27AFC71B002A08A8 /* ClosarEditProfile.swift */ = {isa = PBXFileReference; lastKnownFileType = sourcecode.swift; path = ClosarEditProfile.swift; sourceTree = "<group>"; };
		A516DF54277EEFF4005DC5F9 /* SwiftUILibrary.app */ = {isa = PBXFileReference; explicitFileType = wrapper.application; includeInIndex = 0; path = SwiftUILibrary.app; sourceTree = BUILT_PRODUCTS_DIR; };
		A516DF57277EEFF4005DC5F9 /* SwiftUILibraryApp.swift */ = {isa = PBXFileReference; lastKnownFileType = sourcecode.swift; path = SwiftUILibraryApp.swift; sourceTree = "<group>"; };
		A516DF5B277EEFF7005DC5F9 /* Assets.xcassets */ = {isa = PBXFileReference; lastKnownFileType = folder.assetcatalog; path = Assets.xcassets; sourceTree = "<group>"; };
		A516DF5E277EEFF7005DC5F9 /* Preview Assets.xcassets */ = {isa = PBXFileReference; lastKnownFileType = folder.assetcatalog; path = "Preview Assets.xcassets"; sourceTree = "<group>"; };
		A516DF65277EF01B005DC5F9 /* DotAnimation.swift */ = {isa = PBXFileReference; fileEncoding = 4; lastKnownFileType = sourcecode.swift; path = DotAnimation.swift; sourceTree = "<group>"; };
		A516DF66277EF01B005DC5F9 /* BackgroundBootcamp.swift */ = {isa = PBXFileReference; fileEncoding = 4; lastKnownFileType = sourcecode.swift; path = BackgroundBootcamp.swift; sourceTree = "<group>"; };
		A516DF67277EF01B005DC5F9 /* MaskViewBootcamp.swift */ = {isa = PBXFileReference; fileEncoding = 4; lastKnownFileType = sourcecode.swift; path = MaskViewBootcamp.swift; sourceTree = "<group>"; };
		A516DF6D277EF215005DC5F9 /* MatchedGeometryEffectBootcamp.swift */ = {isa = PBXFileReference; lastKnownFileType = sourcecode.swift; path = MatchedGeometryEffectBootcamp.swift; sourceTree = "<group>"; };
		A516DF70277F0BB6005DC5F9 /* ButtonStyleBootcamp.swift */ = {isa = PBXFileReference; lastKnownFileType = sourcecode.swift; path = ButtonStyleBootcamp.swift; sourceTree = "<group>"; };
		A5192B4527A1DF4F008E7CB7 /* ValidatorPrepView.swift */ = {isa = PBXFileReference; lastKnownFileType = sourcecode.swift; path = ValidatorPrepView.swift; sourceTree = "<group>"; };
		A543ED8B27A08A810043C51E /* Validator.swift */ = {isa = PBXFileReference; lastKnownFileType = sourcecode.swift; path = Validator.swift; sourceTree = "<group>"; };
		A58401C627819C5000B84CD2 /* GeometryPreferenceKey.swift */ = {isa = PBXFileReference; lastKnownFileType = sourcecode.swift; path = GeometryPreferenceKey.swift; sourceTree = "<group>"; };
		A58401C92781A9F000B84CD2 /* View+Extension.swift */ = {isa = PBXFileReference; lastKnownFileType = sourcecode.swift; path = "View+Extension.swift"; sourceTree = "<group>"; };
		A58401CB2781AFBA00B84CD2 /* AnchorPreference.swift */ = {isa = PBXFileReference; lastKnownFileType = sourcecode.swift; path = AnchorPreference.swift; sourceTree = "<group>"; };
		A58401CD2781C23900B84CD2 /* AdvanceGrid.swift */ = {isa = PBXFileReference; lastKnownFileType = sourcecode.swift; path = AdvanceGrid.swift; sourceTree = "<group>"; };
		A58401CF2781D2F300B84CD2 /* test.swift */ = {isa = PBXFileReference; lastKnownFileType = sourcecode.swift; path = test.swift; sourceTree = "<group>"; };
/* End PBXFileReference section */

/* Begin PBXFrameworksBuildPhase section */
		A516DF51277EEFF4005DC5F9 /* Frameworks */ = {
			isa = PBXFrameworksBuildPhase;
			buildActionMask = 2147483647;
			files = (
			);
			runOnlyForDeploymentPostprocessing = 0;
		};
/* End PBXFrameworksBuildPhase section */

/* Begin PBXGroup section */
		9254932927837FEE00634846 /* Tutorial */ = {
			isa = PBXGroup;
			children = (
				92C2A1DE278616B7007B451C /* TutorialView.swift */,
				92C2A1E227861767007B451C /* TutorialViewModel.swift */,
				9254932A27837FF700634846 /* TutorialContentView.swift */,
				9254932C2783994500634846 /* PreferenceProtocol.swift */,
				92C2A1E0278616EA007B451C /* TutorialCore.swift */,
			);
			path = Tutorial;
			sourceTree = "<group>";
		};
		92A6F36A286E2902004F5C73 /* Concurrency */ = {
			isa = PBXGroup;
			children = (
				92A6F36B286E2922004F5C73 /* AsyncAwaitBootcamp.swift */,
				921C17F5289ABCF10047067F /* TaskBootcamp.swift */,
				92B640D229217B4100D5A67D /* AsyncLetBootcamp.swift */,
			);
			path = Concurrency;
			sourceTree = "<group>";
		};
		92B8090C27A9D403003EAFEC /* Closar */ = {
			isa = PBXGroup;
			children = (
				92B8090F27A9E80D003EAFEC /* Animation */,
				92B8090A27A9D361003EAFEC /* FloatingTextField.swift */,
				92B8090D27A9D436003EAFEC /* ValidationState.swift */,
				A543ED8B27A08A810043C51E /* Validator.swift */,
				92E1808E27AFC71B002A08A8 /* ClosarEditProfile.swift */,
			);
			path = Closar;
			sourceTree = "<group>";
		};
		92B8090F27A9E80D003EAFEC /* Animation */ = {
			isa = PBXGroup;
			children = (
				92B8091027A9E816003EAFEC /* Shake.swift */,
			);
			path = Animation;
			sourceTree = "<group>";
		};
		A516DF4B277EEFF4005DC5F9 = {
			isa = PBXGroup;
			children = (
				A516DF56277EEFF4005DC5F9 /* SwiftUILibrary */,
				A516DF55277EEFF4005DC5F9 /* Products */,
			);
			sourceTree = "<group>";
		};
		A516DF55277EEFF4005DC5F9 /* Products */ = {
			isa = PBXGroup;
			children = (
				A516DF54277EEFF4005DC5F9 /* SwiftUILibrary.app */,
			);
			name = Products;
			sourceTree = "<group>";
		};
		A516DF56277EEFF4005DC5F9 /* SwiftUILibrary */ = {
			isa = PBXGroup;
			children = (
				A516DF57277EEFF4005DC5F9 /* SwiftUILibraryApp.swift */,
				A516DF6F277EF3E6005DC5F9 /* Samples */,
				A58401C82781A9DB00B84CD2 /* Extension */,
				A516DF5B277EEFF7005DC5F9 /* Assets.xcassets */,
				A516DF5D277EEFF7005DC5F9 /* Preview Content */,
			);
			path = SwiftUILibrary;
			sourceTree = "<group>";
		};
		A516DF5D277EEFF7005DC5F9 /* Preview Content */ = {
			isa = PBXGroup;
			children = (
				A516DF5E277EEFF7005DC5F9 /* Preview Assets.xcassets */,
			);
			path = "Preview Content";
			sourceTree = "<group>";
		};
		A516DF6F277EF3E6005DC5F9 /* Samples */ = {
			isa = PBXGroup;
			children = (
				92A6F36A286E2902004F5C73 /* Concurrency */,
				A5587837279D8C97005EE8EE /* UIElement */,
				9254932927837FEE00634846 /* Tutorial */,
				A58401D12781DF4500B84CD2 /* PreferenceKey */,
				A516DF66277EF01B005DC5F9 /* BackgroundBootcamp.swift */,
				A516DF70277F0BB6005DC5F9 /* ButtonStyleBootcamp.swift */,
				A516DF65277EF01B005DC5F9 /* DotAnimation.swift */,
				A516DF67277EF01B005DC5F9 /* MaskViewBootcamp.swift */,
				A516DF6D277EF215005DC5F9 /* MatchedGeometryEffectBootcamp.swift */,
			);
			path = Samples;
			sourceTree = "<group>";
		};
		A5587837279D8C97005EE8EE /* UIElement */ = {
			isa = PBXGroup;
			children = (
				A5587838279D8CA2005EE8EE /* TextField */,
			);
			path = UIElement;
			sourceTree = "<group>";
		};
		A5587838279D8CA2005EE8EE /* TextField */ = {
			isa = PBXGroup;
			children = (
				92B8090C27A9D403003EAFEC /* Closar */,
				A5192B4527A1DF4F008E7CB7 /* ValidatorPrepView.swift */,
			);
			path = TextField;
			sourceTree = "<group>";
		};
		A58401C82781A9DB00B84CD2 /* Extension */ = {
			isa = PBXGroup;
			children = (
				A58401C92781A9F000B84CD2 /* View+Extension.swift */,
				925DF85C29B744670003A2B3 /* UIKit+Preview.swift */,
				925DF85E29B745750003A2B3 /* UIKit+Layout.swift */,
			);
			path = Extension;
			sourceTree = "<group>";
		};
		A58401D12781DF4500B84CD2 /* PreferenceKey */ = {
			isa = PBXGroup;
			children = (
				925493282783727E00634846 /* PreferenceDocumentation.md */,
				A58401C627819C5000B84CD2 /* GeometryPreferenceKey.swift */,
				A58401CB2781AFBA00B84CD2 /* AnchorPreference.swift */,
				A58401CD2781C23900B84CD2 /* AdvanceGrid.swift */,
				A58401CF2781D2F300B84CD2 /* test.swift */,
			);
			path = PreferenceKey;
			sourceTree = "<group>";
		};
/* End PBXGroup section */

/* Begin PBXNativeTarget section */
		A516DF53277EEFF4005DC5F9 /* SwiftUILibrary */ = {
			isa = PBXNativeTarget;
			buildConfigurationList = A516DF62277EEFF7005DC5F9 /* Build configuration list for PBXNativeTarget "SwiftUILibrary" */;
			buildPhases = (
				A516DF50277EEFF4005DC5F9 /* Sources */,
				A516DF51277EEFF4005DC5F9 /* Frameworks */,
				A516DF52277EEFF4005DC5F9 /* Resources */,
			);
			buildRules = (
			);
			dependencies = (
			);
			name = SwiftUILibrary;
			productName = SwiftUILibrary;
			productReference = A516DF54277EEFF4005DC5F9 /* SwiftUILibrary.app */;
			productType = "com.apple.product-type.application";
		};
/* End PBXNativeTarget section */

/* Begin PBXProject section */
		A516DF4C277EEFF4005DC5F9 /* Project object */ = {
			isa = PBXProject;
			attributes = {
				BuildIndependentTargetsInParallel = 1;
				LastSwiftUpdateCheck = 1310;
				LastUpgradeCheck = 1310;
				TargetAttributes = {
					A516DF53277EEFF4005DC5F9 = {
						CreatedOnToolsVersion = 13.1;
					};
				};
			};
			buildConfigurationList = A516DF4F277EEFF4005DC5F9 /* Build configuration list for PBXProject "SwiftUILibrary" */;
			compatibilityVersion = "Xcode 13.0";
			developmentRegion = en;
			hasScannedForEncodings = 0;
			knownRegions = (
				en,
				Base,
			);
			mainGroup = A516DF4B277EEFF4005DC5F9;
			productRefGroup = A516DF55277EEFF4005DC5F9 /* Products */;
			projectDirPath = "";
			projectRoot = "";
			targets = (
				A516DF53277EEFF4005DC5F9 /* SwiftUILibrary */,
			);
		};
/* End PBXProject section */

/* Begin PBXResourcesBuildPhase section */
		A516DF52277EEFF4005DC5F9 /* Resources */ = {
			isa = PBXResourcesBuildPhase;
			buildActionMask = 2147483647;
			files = (
				A516DF5F277EEFF7005DC5F9 /* Preview Assets.xcassets in Resources */,
				A516DF5C277EEFF7005DC5F9 /* Assets.xcassets in Resources */,
			);
			runOnlyForDeploymentPostprocessing = 0;
		};
/* End PBXResourcesBuildPhase section */

/* Begin PBXSourcesBuildPhase section */
		A516DF50277EEFF4005DC5F9 /* Sources */ = {
			isa = PBXSourcesBuildPhase;
			buildActionMask = 2147483647;
			files = (
				92C2A1DF278616B7007B451C /* TutorialView.swift in Sources */,
				92B640D329217B4100D5A67D /* AsyncLetBootcamp.swift in Sources */,
				92E1808F27AFC71B002A08A8 /* ClosarEditProfile.swift in Sources */,
				92C2A1E1278616EA007B451C /* TutorialCore.swift in Sources */,
				92C2A1E327861767007B451C /* TutorialViewModel.swift in Sources */,
				92A6F36C286E2922004F5C73 /* AsyncAwaitBootcamp.swift in Sources */,
				A516DF6A277EF01B005DC5F9 /* BackgroundBootcamp.swift in Sources */,
				A516DF69277EF01B005DC5F9 /* DotAnimation.swift in Sources */,
				A58401CE2781C23900B84CD2 /* AdvanceGrid.swift in Sources */,
				925DF85D29B744670003A2B3 /* UIKit+Preview.swift in Sources */,
				A58401CA2781A9F000B84CD2 /* View+Extension.swift in Sources */,
				A5192B4627A1DF4F008E7CB7 /* ValidatorPrepView.swift in Sources */,
				A516DF6B277EF01B005DC5F9 /* MaskViewBootcamp.swift in Sources */,
				A58401C727819C5000B84CD2 /* GeometryPreferenceKey.swift in Sources */,
				9254932B27837FF700634846 /* TutorialContentView.swift in Sources */,
				921C17F6289ABCF10047067F /* TaskBootcamp.swift in Sources */,
				92B8090E27A9D436003EAFEC /* ValidationState.swift in Sources */,
				A543ED8C27A08A810043C51E /* Validator.swift in Sources */,
				A516DF58277EEFF4005DC5F9 /* SwiftUILibraryApp.swift in Sources */,
				A58401D02781D2F300B84CD2 /* test.swift in Sources */,
				92B8090B27A9D361003EAFEC /* FloatingTextField.swift in Sources */,
				A58401CC2781AFBA00B84CD2 /* AnchorPreference.swift in Sources */,
				A516DF71277F0BB6005DC5F9 /* ButtonStyleBootcamp.swift in Sources */,
				92B8091127A9E816003EAFEC /* Shake.swift in Sources */,
				A516DF6E277EF215005DC5F9 /* MatchedGeometryEffectBootcamp.swift in Sources */,
				925DF85F29B745750003A2B3 /* UIKit+Layout.swift in Sources */,
				9254932D2783994500634846 /* PreferenceProtocol.swift in Sources */,
			);
			runOnlyForDeploymentPostprocessing = 0;
		};
/* End PBXSourcesBuildPhase section */

/* Begin XCBuildConfiguration section */
		A516DF60277EEFF7005DC5F9 /* Debug */ = {
			isa = XCBuildConfiguration;
			buildSettings = {
				ALWAYS_SEARCH_USER_PATHS = NO;
				CLANG_ANALYZER_NONNULL = YES;
				CLANG_ANALYZER_NUMBER_OBJECT_CONVERSION = YES_AGGRESSIVE;
				CLANG_CXX_LANGUAGE_STANDARD = "gnu++17";
				CLANG_CXX_LIBRARY = "libc++";
				CLANG_ENABLE_MODULES = YES;
				CLANG_ENABLE_OBJC_ARC = YES;
				CLANG_ENABLE_OBJC_WEAK = YES;
				CLANG_WARN_BLOCK_CAPTURE_AUTORELEASING = YES;
				CLANG_WARN_BOOL_CONVERSION = YES;
				CLANG_WARN_COMMA = YES;
				CLANG_WARN_CONSTANT_CONVERSION = YES;
				CLANG_WARN_DEPRECATED_OBJC_IMPLEMENTATIONS = YES;
				CLANG_WARN_DIRECT_OBJC_ISA_USAGE = YES_ERROR;
				CLANG_WARN_DOCUMENTATION_COMMENTS = YES;
				CLANG_WARN_EMPTY_BODY = YES;
				CLANG_WARN_ENUM_CONVERSION = YES;
				CLANG_WARN_INFINITE_RECURSION = YES;
				CLANG_WARN_INT_CONVERSION = YES;
				CLANG_WARN_NON_LITERAL_NULL_CONVERSION = YES;
				CLANG_WARN_OBJC_IMPLICIT_RETAIN_SELF = YES;
				CLANG_WARN_OBJC_LITERAL_CONVERSION = YES;
				CLANG_WARN_OBJC_ROOT_CLASS = YES_ERROR;
				CLANG_WARN_QUOTED_INCLUDE_IN_FRAMEWORK_HEADER = YES;
				CLANG_WARN_RANGE_LOOP_ANALYSIS = YES;
				CLANG_WARN_STRICT_PROTOTYPES = YES;
				CLANG_WARN_SUSPICIOUS_MOVE = YES;
				CLANG_WARN_UNGUARDED_AVAILABILITY = YES_AGGRESSIVE;
				CLANG_WARN_UNREACHABLE_CODE = YES;
				CLANG_WARN__DUPLICATE_METHOD_MATCH = YES;
				COPY_PHASE_STRIP = NO;
				DEBUG_INFORMATION_FORMAT = dwarf;
				ENABLE_STRICT_OBJC_MSGSEND = YES;
				ENABLE_TESTABILITY = YES;
				GCC_C_LANGUAGE_STANDARD = gnu11;
				GCC_DYNAMIC_NO_PIC = NO;
				GCC_NO_COMMON_BLOCKS = YES;
				GCC_OPTIMIZATION_LEVEL = 0;
				GCC_PREPROCESSOR_DEFINITIONS = (
					"DEBUG=1",
					"$(inherited)",
				);
				GCC_WARN_64_TO_32_BIT_CONVERSION = YES;
				GCC_WARN_ABOUT_RETURN_TYPE = YES_ERROR;
				GCC_WARN_UNDECLARED_SELECTOR = YES;
				GCC_WARN_UNINITIALIZED_AUTOS = YES_AGGRESSIVE;
				GCC_WARN_UNUSED_FUNCTION = YES;
				GCC_WARN_UNUSED_VARIABLE = YES;
				IPHONEOS_DEPLOYMENT_TARGET = 15.0;
				MTL_ENABLE_DEBUG_INFO = INCLUDE_SOURCE;
				MTL_FAST_MATH = YES;
				ONLY_ACTIVE_ARCH = YES;
				SDKROOT = iphoneos;
				SWIFT_ACTIVE_COMPILATION_CONDITIONS = DEBUG;
				SWIFT_OPTIMIZATION_LEVEL = "-Onone";
			};
			name = Debug;
		};
		A516DF61277EEFF7005DC5F9 /* Release */ = {
			isa = XCBuildConfiguration;
			buildSettings = {
				ALWAYS_SEARCH_USER_PATHS = NO;
				CLANG_ANALYZER_NONNULL = YES;
				CLANG_ANALYZER_NUMBER_OBJECT_CONVERSION = YES_AGGRESSIVE;
				CLANG_CXX_LANGUAGE_STANDARD = "gnu++17";
				CLANG_CXX_LIBRARY = "libc++";
				CLANG_ENABLE_MODULES = YES;
				CLANG_ENABLE_OBJC_ARC = YES;
				CLANG_ENABLE_OBJC_WEAK = YES;
				CLANG_WARN_BLOCK_CAPTURE_AUTORELEASING = YES;
				CLANG_WARN_BOOL_CONVERSION = YES;
				CLANG_WARN_COMMA = YES;
				CLANG_WARN_CONSTANT_CONVERSION = YES;
				CLANG_WARN_DEPRECATED_OBJC_IMPLEMENTATIONS = YES;
				CLANG_WARN_DIRECT_OBJC_ISA_USAGE = YES_ERROR;
				CLANG_WARN_DOCUMENTATION_COMMENTS = YES;
				CLANG_WARN_EMPTY_BODY = YES;
				CLANG_WARN_ENUM_CONVERSION = YES;
				CLANG_WARN_INFINITE_RECURSION = YES;
				CLANG_WARN_INT_CONVERSION = YES;
				CLANG_WARN_NON_LITERAL_NULL_CONVERSION = YES;
				CLANG_WARN_OBJC_IMPLICIT_RETAIN_SELF = YES;
				CLANG_WARN_OBJC_LITERAL_CONVERSION = YES;
				CLANG_WARN_OBJC_ROOT_CLASS = YES_ERROR;
				CLANG_WARN_QUOTED_INCLUDE_IN_FRAMEWORK_HEADER = YES;
				CLANG_WARN_RANGE_LOOP_ANALYSIS = YES;
				CLANG_WARN_STRICT_PROTOTYPES = YES;
				CLANG_WARN_SUSPICIOUS_MOVE = YES;
				CLANG_WARN_UNGUARDED_AVAILABILITY = YES_AGGRESSIVE;
				CLANG_WARN_UNREACHABLE_CODE = YES;
				CLANG_WARN__DUPLICATE_METHOD_MATCH = YES;
				COPY_PHASE_STRIP = NO;
				DEBUG_INFORMATION_FORMAT = "dwarf-with-dsym";
				ENABLE_NS_ASSERTIONS = NO;
				ENABLE_STRICT_OBJC_MSGSEND = YES;
				GCC_C_LANGUAGE_STANDARD = gnu11;
				GCC_NO_COMMON_BLOCKS = YES;
				GCC_WARN_64_TO_32_BIT_CONVERSION = YES;
				GCC_WARN_ABOUT_RETURN_TYPE = YES_ERROR;
				GCC_WARN_UNDECLARED_SELECTOR = YES;
				GCC_WARN_UNINITIALIZED_AUTOS = YES_AGGRESSIVE;
				GCC_WARN_UNUSED_FUNCTION = YES;
				GCC_WARN_UNUSED_VARIABLE = YES;
				IPHONEOS_DEPLOYMENT_TARGET = 15.0;
				MTL_ENABLE_DEBUG_INFO = NO;
				MTL_FAST_MATH = YES;
				SDKROOT = iphoneos;
				SWIFT_COMPILATION_MODE = wholemodule;
				SWIFT_OPTIMIZATION_LEVEL = "-O";
				VALIDATE_PRODUCT = YES;
			};
			name = Release;
		};
		A516DF63277EEFF7005DC5F9 /* Debug */ = {
			isa = XCBuildConfiguration;
			buildSettings = {
				ASSETCATALOG_COMPILER_APPICON_NAME = AppIcon;
				ASSETCATALOG_COMPILER_GLOBAL_ACCENT_COLOR_NAME = AccentColor;
				CODE_SIGN_STYLE = Automatic;
				CURRENT_PROJECT_VERSION = 1;
				DEVELOPMENT_ASSET_PATHS = "\"SwiftUILibrary/Preview Content\"";
				DEVELOPMENT_TEAM = 5GVAEVR7WU;
				ENABLE_PREVIEWS = YES;
				GENERATE_INFOPLIST_FILE = YES;
				INFOPLIST_KEY_UIApplicationSceneManifest_Generation = YES;
				INFOPLIST_KEY_UIApplicationSupportsIndirectInputEvents = YES;
				INFOPLIST_KEY_UILaunchScreen_Generation = YES;
				INFOPLIST_KEY_UISupportedInterfaceOrientations_iPad = "UIInterfaceOrientationPortrait UIInterfaceOrientationPortraitUpsideDown UIInterfaceOrientationLandscapeLeft UIInterfaceOrientationLandscapeRight";
				INFOPLIST_KEY_UISupportedInterfaceOrientations_iPhone = "UIInterfaceOrientationPortrait UIInterfaceOrientationLandscapeLeft UIInterfaceOrientationLandscapeRight";
				LD_RUNPATH_SEARCH_PATHS = (
					"$(inherited)",
					"@executable_path/Frameworks",
				);
				MARKETING_VERSION = 1.0;
				PRODUCT_BUNDLE_IDENTIFIER = com.ogi.SwiftUILibrary;
				PRODUCT_NAME = "$(TARGET_NAME)";
				SWIFT_EMIT_LOC_STRINGS = YES;
				SWIFT_VERSION = 5.0;
				TARGETED_DEVICE_FAMILY = "1,2";
			};
			name = Debug;
		};
		A516DF64277EEFF7005DC5F9 /* Release */ = {
			isa = XCBuildConfiguration;
			buildSettings = {
				ASSETCATALOG_COMPILER_APPICON_NAME = AppIcon;
				ASSETCATALOG_COMPILER_GLOBAL_ACCENT_COLOR_NAME = AccentColor;
				CODE_SIGN_STYLE = Automatic;
				CURRENT_PROJECT_VERSION = 1;
				DEVELOPMENT_ASSET_PATHS = "\"SwiftUILibrary/Preview Content\"";
				DEVELOPMENT_TEAM = 5GVAEVR7WU;
				ENABLE_PREVIEWS = YES;
				GENERATE_INFOPLIST_FILE = YES;
				INFOPLIST_KEY_UIApplicationSceneManifest_Generation = YES;
				INFOPLIST_KEY_UIApplicationSupportsIndirectInputEvents = YES;
				INFOPLIST_KEY_UILaunchScreen_Generation = YES;
				INFOPLIST_KEY_UISupportedInterfaceOrientations_iPad = "UIInterfaceOrientationPortrait UIInterfaceOrientationPortraitUpsideDown UIInterfaceOrientationLandscapeLeft UIInterfaceOrientationLandscapeRight";
				INFOPLIST_KEY_UISupportedInterfaceOrientations_iPhone = "UIInterfaceOrientationPortrait UIInterfaceOrientationLandscapeLeft UIInterfaceOrientationLandscapeRight";
				LD_RUNPATH_SEARCH_PATHS = (
					"$(inherited)",
					"@executable_path/Frameworks",
				);
				MARKETING_VERSION = 1.0;
				PRODUCT_BUNDLE_IDENTIFIER = com.ogi.SwiftUILibrary;
				PRODUCT_NAME = "$(TARGET_NAME)";
				SWIFT_EMIT_LOC_STRINGS = YES;
				SWIFT_VERSION = 5.0;
				TARGETED_DEVICE_FAMILY = "1,2";
			};
			name = Release;
		};
/* End XCBuildConfiguration section */

/* Begin XCConfigurationList section */
		A516DF4F277EEFF4005DC5F9 /* Build configuration list for PBXProject "SwiftUILibrary" */ = {
			isa = XCConfigurationList;
			buildConfigurations = (
				A516DF60277EEFF7005DC5F9 /* Debug */,
				A516DF61277EEFF7005DC5F9 /* Release */,
			);
			defaultConfigurationIsVisible = 0;
			defaultConfigurationName = Release;
		};
		A516DF62277EEFF7005DC5F9 /* Build configuration list for PBXNativeTarget "SwiftUILibrary" */ = {
			isa = XCConfigurationList;
			buildConfigurations = (
				A516DF63277EEFF7005DC5F9 /* Debug */,
				A516DF64277EEFF7005DC5F9 /* Release */,
			);
			defaultConfigurationIsVisible = 0;
			defaultConfigurationName = Release;
		};
/* End XCConfigurationList section */
	};
	rootObject = A516DF4C277EEFF4005DC5F9 /* Project object */;
}
